github.com/lib/pq v1.10.3 h1:v9QZf2Sn6AmjXtQeFpdoq/eaNtYP6IN+7lcrygsIAtg=
github.com/lib/pq v1.10.3/go.mod h1:AlVN5x4E4T544tWzH6hKfbfQvm3HdbOxrmggDNAPY9o=
github.com/ravipativenu/go-chitchat-server v0.0.0-20211018222324-991a3e6c40e1 h1:G9ORlT+YXie1iftH5xgrEI5Dasu4bEjBXF8AcVBjsi0=
github.com/ravipativenu/go-chitchat-server v0.0.0-20211018222324-991a3e6c40e1/go.mod h1:5YvDD8nTKOdCAVUvBKQhthsQmhS25HyJKiRmx/RRBEI=
